
Microsoft Visual Studio Solution File, Format Version 12.00
# Visual Studio 15
VisualStudioVersion = 15.0.28307.136
MinimumVisualStudioVersion = 10.0.40219.1
Project("{FAE04EC0-301F-11D3-BF4B-00C04F79EFBC}") = "PrzenoszenieFolderow", "PrzenoszenieFolderow\PrzenoszenieFolderow.csproj", "{59B51629-BA3A-4307-8FED-1E7A933D4E5D}"
EndProject
Global
	GlobalSection(SolutionConfigurationPlatforms) = preSolution
		Debug|Any CPU = Debug|Any CPU
		Release|Any CPU = Release|Any CPU
	EndGlobalSection
	GlobalSection(ProjectConfigurationPlatforms) = postSolution
		{59B51629-BA3A-4307-8FED-1E7A933D4E5D}.Debug|Any CPU.ActiveCfg = Debug|Any CPU
		{59B51629-BA3A-4307-8FED-1E7A933D4E5D}.Debug|Any CPU.Build.0 = Debug|Any CPU
		{59B51629-BA3A-4307-8FED-1E7A933D4E5D}.Release|Any CPU.ActiveCfg = Release|Any CPU
		{59B51629-BA3A-4307-8FED-1E7A933D4E5D}.Release|Any CPU.Build.0 = Release|Any CPU
	EndGlobalSection
	GlobalSection(SolutionProperties) = preSolution
		HideSolutionNode = FALSE
	EndGlobalSection
	GlobalSection(ExtensibilityGlobals) = postSolution
		SolutionGuid = {58D94EDD-F02E-42CA-A4CE-FBAA4D142290}
	EndGlobalSection
EndGlobal
